
Microsoft Visual Studio Solution File, Format Version 12.00
# Visual Studio 15
VisualStudioVersion = 15.0.27703.2000
MinimumVisualStudioVersion = 10.0.40219.1
Project("{8BC9CEB8-8B4A-11D0-8D11-00A0C91BC942}") = "WebRtc_official", "WebRtc_official\WebRtc_official.vcxproj", "{797546CD-8DC5-4F76-A90F-01923052E5AE}"
EndProject
Project("{8BC9CEB8-8B4A-11D0-8D11-00A0C91BC942}") = "WebRtc_noise_suppression", "WebRtc_noise_suppression\WebRtc_noise_suppression.vcxproj", "{48EBD7EC-6FA6-43D7-91EA-B2030FA399FE}"
EndProject
Global
	GlobalSection(SolutionConfigurationPlatforms) = preSolution
		Debug|x64 = Debug|x64
		Debug|x86 = Debug|x86
		Release|x64 = Release|x64
		Release|x86 = Release|x86
	EndGlobalSection
	GlobalSection(ProjectConfigurationPlatforms) = postSolution
		{797546CD-8DC5-4F76-A90F-01923052E5AE}.Debug|x64.ActiveCfg = Debug|x64
		{797546CD-8DC5-4F76-A90F-01923052E5AE}.Debug|x64.Build.0 = Debug|x64
		{797546CD-8DC5-4F76-A90F-01923052E5AE}.Debug|x86.ActiveCfg = Debug|Win32
		{797546CD-8DC5-4F76-A90F-01923052E5AE}.Debug|x86.Build.0 = Debug|Win32
		{797546CD-8DC5-4F76-A90F-01923052E5AE}.Release|x64.ActiveCfg = Release|x64
		{797546CD-8DC5-4F76-A90F-01923052E5AE}.Release|x64.Build.0 = Release|x64
		{797546CD-8DC5-4F76-A90F-01923052E5AE}.Release|x86.ActiveCfg = Release|Win32
		{797546CD-8DC5-4F76-A90F-01923052E5AE}.Release|x86.Build.0 = Release|Win32
		{48EBD7EC-6FA6-43D7-91EA-B2030FA399FE}.Debug|x64.ActiveCfg = Debug|x64
		{48EBD7EC-6FA6-43D7-91EA-B2030FA399FE}.Debug|x64.Build.0 = Debug|x64
		{48EBD7EC-6FA6-43D7-91EA-B2030FA399FE}.Debug|x86.ActiveCfg = Debug|Win32
		{48EBD7EC-6FA6-43D7-91EA-B2030FA399FE}.Debug|x86.Build.0 = Debug|Win32
		{48EBD7EC-6FA6-43D7-91EA-B2030FA399FE}.Release|x64.ActiveCfg = Release|x64
		{48EBD7EC-6FA6-43D7-91EA-B2030FA399FE}.Release|x64.Build.0 = Release|x64
		{48EBD7EC-6FA6-43D7-91EA-B2030FA399FE}.Release|x86.ActiveCfg = Release|Win32
		{48EBD7EC-6FA6-43D7-91EA-B2030FA399FE}.Release|x86.Build.0 = Release|Win32
	EndGlobalSection
	GlobalSection(SolutionProperties) = preSolution
		HideSolutionNode = FALSE
	EndGlobalSection
	GlobalSection(ExtensibilityGlobals) = postSolution
		SolutionGuid = {7941AFFA-F62C-474A-B272-747A094F1BCB}
	EndGlobalSection
EndGlobal
